
Microsoft Visual Studio Solution File, Format Version 12.00
# Visual Studio Version 17
VisualStudioVersion = 17.9.34728.123
MinimumVisualStudioVersion = 10.0.40219.1
Project("{FAE04EC0-301F-11D3-BF4B-00C04F79EFBC}") = "mvcProyectoWeb", "mvcProyectoWeb\mvcProyectoWeb.csproj", "{EFD83E9D-687C-4EF6-ABF6-49968BBD2D3E}"
EndProject
Project("{FAE04EC0-301F-11D3-BF4B-00C04F79EFBC}") = "mvcProyectoWeb.AccesoDatos", "mvcProyectoWeb.AccesoDatos\mvcProyectoWeb.AccesoDatos.csproj", "{2F5DB343-2C29-4375-B6B8-78051BC2590D}"
EndProject
Project("{FAE04EC0-301F-11D3-BF4B-00C04F79EFBC}") = "mvcProyectoWeb.Models", "mvcProyectoWeb.Models\mvcProyectoWeb.Models.csproj", "{455B2D4B-5F6D-4C39-8F2E-8C9F81E6BC37}"
EndProject
Project("{FAE04EC0-301F-11D3-BF4B-00C04F79EFBC}") = "mvcProyectoWeb.Utilidades", "mvcProyectoWeb.Utilidades\mvcProyectoWeb.Utilidades.csproj", "{1A680AB9-506A-4197-A7FD-C21B410CEE47}"
EndProject
Global
	GlobalSection(SolutionConfigurationPlatforms) = preSolution
		Debug|Any CPU = Debug|Any CPU
		Release|Any CPU = Release|Any CPU
	EndGlobalSection
	GlobalSection(ProjectConfigurationPlatforms) = postSolution
		{EFD83E9D-687C-4EF6-ABF6-49968BBD2D3E}.Debug|Any CPU.ActiveCfg = Debug|Any CPU
		{EFD83E9D-687C-4EF6-ABF6-49968BBD2D3E}.Debug|Any CPU.Build.0 = Debug|Any CPU
		{EFD83E9D-687C-4EF6-ABF6-49968BBD2D3E}.Release|Any CPU.ActiveCfg = Release|Any CPU
		{EFD83E9D-687C-4EF6-ABF6-49968BBD2D3E}.Release|Any CPU.Build.0 = Release|Any CPU
		{2F5DB343-2C29-4375-B6B8-78051BC2590D}.Debug|Any CPU.ActiveCfg = Debug|Any CPU
		{2F5DB343-2C29-4375-B6B8-78051BC2590D}.Debug|Any CPU.Build.0 = Debug|Any CPU
		{2F5DB343-2C29-4375-B6B8-78051BC2590D}.Release|Any CPU.ActiveCfg = Release|Any CPU
		{2F5DB343-2C29-4375-B6B8-78051BC2590D}.Release|Any CPU.Build.0 = Release|Any CPU
		{455B2D4B-5F6D-4C39-8F2E-8C9F81E6BC37}.Debug|Any CPU.ActiveCfg = Debug|Any CPU
		{455B2D4B-5F6D-4C39-8F2E-8C9F81E6BC37}.Debug|Any CPU.Build.0 = Debug|Any CPU
		{455B2D4B-5F6D-4C39-8F2E-8C9F81E6BC37}.Release|Any CPU.ActiveCfg = Release|Any CPU
		{455B2D4B-5F6D-4C39-8F2E-8C9F81E6BC37}.Release|Any CPU.Build.0 = Release|Any CPU
		{1A680AB9-506A-4197-A7FD-C21B410CEE47}.Debug|Any CPU.ActiveCfg = Debug|Any CPU
		{1A680AB9-506A-4197-A7FD-C21B410CEE47}.Debug|Any CPU.Build.0 = Debug|Any CPU
		{1A680AB9-506A-4197-A7FD-C21B410CEE47}.Release|Any CPU.ActiveCfg = Release|Any CPU
		{1A680AB9-506A-4197-A7FD-C21B410CEE47}.Release|Any CPU.Build.0 = Release|Any CPU
	EndGlobalSection
	GlobalSection(SolutionProperties) = preSolution
		HideSolutionNode = FALSE
	EndGlobalSection
	GlobalSection(ExtensibilityGlobals) = postSolution
		SolutionGuid = {94F49E7B-3A9E-4437-8D5F-8D91876ACD2D}
	EndGlobalSection
EndGlobal
